
Microsoft Visual Studio Solution File, Format Version 12.00
# Visual Studio Version 16
VisualStudioVersion = 16.0.30523.141
MinimumVisualStudioVersion = 10.0.40219.1
Project("{FAE04EC0-301F-11D3-BF4B-00C04F79EFBC}") = "Minesweeper", "Minesweeper.csproj", "{C93E5CBB-BCEA-47DF-AC35-AD13439AC15D}"
EndProject
Global
	GlobalSection(SolutionConfigurationPlatforms) = preSolution
		Debug|Any CPU = Debug|Any CPU
		Release|Any CPU = Release|Any CPU
	EndGlobalSection
	GlobalSection(ProjectConfigurationPlatforms) = postSolution
		{C93E5CBB-BCEA-47DF-AC35-AD13439AC15D}.Debug|Any CPU.ActiveCfg = Debug|Any CPU
		{C93E5CBB-BCEA-47DF-AC35-AD13439AC15D}.Debug|Any CPU.Build.0 = Debug|Any CPU
		{C93E5CBB-BCEA-47DF-AC35-AD13439AC15D}.Release|Any CPU.ActiveCfg = Release|Any CPU
		{C93E5CBB-BCEA-47DF-AC35-AD13439AC15D}.Release|Any CPU.Build.0 = Release|Any CPU
	EndGlobalSection
	GlobalSection(SolutionProperties) = preSolution
		HideSolutionNode = FALSE
	EndGlobalSection
	GlobalSection(ExtensibilityGlobals) = postSolution
		SolutionGuid = {B282535A-9608-406A-B6AD-8EDB88A49861}
	EndGlobalSection
EndGlobal
